
Microsoft Visual Studio Solution File, Format Version 12.00
# Visual Studio 15
VisualStudioVersion = 15.0.28010.2003
MinimumVisualStudioVersion = 10.0.40219.1
Project("{FAE04EC0-301F-11D3-BF4B-00C04F79EFBC}") = "02-Qn", "02-Qn\02-Qn.csproj", "{BDFD02FC-CA6A-42B8-BAC3-05CECEA4B984}"
EndProject
Global
	GlobalSection(SolutionConfigurationPlatforms) = preSolution
		Debug|Any CPU = Debug|Any CPU
		Release|Any CPU = Release|Any CPU
	EndGlobalSection
	GlobalSection(ProjectConfigurationPlatforms) = postSolution
		{BDFD02FC-CA6A-42B8-BAC3-05CECEA4B984}.Debug|Any CPU.ActiveCfg = Debug|Any CPU
		{BDFD02FC-CA6A-42B8-BAC3-05CECEA4B984}.Debug|Any CPU.Build.0 = Debug|Any CPU
		{BDFD02FC-CA6A-42B8-BAC3-05CECEA4B984}.Release|Any CPU.ActiveCfg = Release|Any CPU
		{BDFD02FC-CA6A-42B8-BAC3-05CECEA4B984}.Release|Any CPU.Build.0 = Release|Any CPU
	EndGlobalSection
	GlobalSection(SolutionProperties) = preSolution
		HideSolutionNode = FALSE
	EndGlobalSection
	GlobalSection(ExtensibilityGlobals) = postSolution
		SolutionGuid = {A9B1645B-1671-4EC5-906E-EE45B040C75F}
	EndGlobalSection
EndGlobal
