
Microsoft Visual Studio Solution File, Format Version 12.00
# Visual Studio 15
VisualStudioVersion = 15.0.28010.2003
MinimumVisualStudioVersion = 10.0.40219.1
Project("{FAE04EC0-301F-11D3-BF4B-00C04F79EFBC}") = "01-Ch", "01-Ch\01-Ch.csproj", "{67D8FE9A-5E98-4592-9750-851D6C9864C4}"
EndProject
Global
	GlobalSection(SolutionConfigurationPlatforms) = preSolution
		Debug|Any CPU = Debug|Any CPU
		Release|Any CPU = Release|Any CPU
	EndGlobalSection
	GlobalSection(ProjectConfigurationPlatforms) = postSolution
		{67D8FE9A-5E98-4592-9750-851D6C9864C4}.Debug|Any CPU.ActiveCfg = Debug|Any CPU
		{67D8FE9A-5E98-4592-9750-851D6C9864C4}.Debug|Any CPU.Build.0 = Debug|Any CPU
		{67D8FE9A-5E98-4592-9750-851D6C9864C4}.Release|Any CPU.ActiveCfg = Release|Any CPU
		{67D8FE9A-5E98-4592-9750-851D6C9864C4}.Release|Any CPU.Build.0 = Release|Any CPU
	EndGlobalSection
	GlobalSection(SolutionProperties) = preSolution
		HideSolutionNode = FALSE
	EndGlobalSection
	GlobalSection(ExtensibilityGlobals) = postSolution
		SolutionGuid = {8DA37075-0043-4A4D-931B-2DC7DEE7180A}
	EndGlobalSection
EndGlobal
